
Microsoft Visual Studio Solution File, Format Version 12.00
# Visual Studio 15
VisualStudioVersion = 15.0.28307.102
MinimumVisualStudioVersion = 10.0.40219.1
Project("{FAE04EC0-301F-11D3-BF4B-00C04F79EFBC}") = "SmartE", "SmartE\SmartE.csproj", "{656B79FA-BE56-43EE-ACBD-DBDAD2DD25EA}"
EndProject
Global
	GlobalSection(SolutionConfigurationPlatforms) = preSolution
		Debug|Any CPU = Debug|Any CPU
		Release|Any CPU = Release|Any CPU
	EndGlobalSection
	GlobalSection(ProjectConfigurationPlatforms) = postSolution
		{656B79FA-BE56-43EE-ACBD-DBDAD2DD25EA}.Debug|Any CPU.ActiveCfg = Debug|Any CPU
		{656B79FA-BE56-43EE-ACBD-DBDAD2DD25EA}.Debug|Any CPU.Build.0 = Debug|Any CPU
		{656B79FA-BE56-43EE-ACBD-DBDAD2DD25EA}.Release|Any CPU.ActiveCfg = Release|Any CPU
		{656B79FA-BE56-43EE-ACBD-DBDAD2DD25EA}.Release|Any CPU.Build.0 = Release|Any CPU
	EndGlobalSection
	GlobalSection(SolutionProperties) = preSolution
		HideSolutionNode = FALSE
	EndGlobalSection
	GlobalSection(ExtensibilityGlobals) = postSolution
		SolutionGuid = {36233306-9D0D-4CB1-90BA-DBEA4A2ECAAE}
	EndGlobalSection
EndGlobal
